
Microsoft Visual Studio Solution File, Format Version 12.00
# Visual Studio Version 16
VisualStudioVersion = 16.0.29424.173
MinimumVisualStudioVersion = 10.0.40219.1
Project("{9A19103F-16F7-4668-BE54-9A1E7A4F7556}") = "Teakorigin.Domain", "Teakorigin.Domain\Teakorigin.Domain.csproj", "{A2490AB9-7456-4D5A-9BB8-DBA4F8CF8907}"
EndProject
Project("{9A19103F-16F7-4668-BE54-9A1E7A4F7556}") = "Teakorigin.DataAccess", "Teakorigin.DataAccess\Teakorigin.DataAccess.csproj", "{5FF61970-7FF7-4D63-B508-F76375B9132D}"
EndProject
Project("{9A19103F-16F7-4668-BE54-9A1E7A4F7556}") = "Teakorigin.Business", "Teakorigin.Business\Teakorigin.Business.csproj", "{FEB95FE6-FDA6-478E-A703-A47FAAABFE51}"
EndProject
Project("{2150E333-8FDC-42A3-9474-1A3956D46DE8}") = "src", "src", "{B43BEDB9-2B41-457E-A107-6C64EF352817}"
EndProject
Project("{9A19103F-16F7-4668-BE54-9A1E7A4F7556}") = "Teakorigin.App", "Teakorigin.App\Teakorigin.App.csproj", "{031D5D65-40A1-4669-96FE-533854CB5848}"
EndProject
Global
	GlobalSection(SolutionConfigurationPlatforms) = preSolution
		Debug|Any CPU = Debug|Any CPU
		Release|Any CPU = Release|Any CPU
	EndGlobalSection
	GlobalSection(ProjectConfigurationPlatforms) = postSolution
		{A2490AB9-7456-4D5A-9BB8-DBA4F8CF8907}.Debug|Any CPU.ActiveCfg = Debug|Any CPU
		{A2490AB9-7456-4D5A-9BB8-DBA4F8CF8907}.Debug|Any CPU.Build.0 = Debug|Any CPU
		{A2490AB9-7456-4D5A-9BB8-DBA4F8CF8907}.Release|Any CPU.ActiveCfg = Release|Any CPU
		{A2490AB9-7456-4D5A-9BB8-DBA4F8CF8907}.Release|Any CPU.Build.0 = Release|Any CPU
		{5FF61970-7FF7-4D63-B508-F76375B9132D}.Debug|Any CPU.ActiveCfg = Debug|Any CPU
		{5FF61970-7FF7-4D63-B508-F76375B9132D}.Debug|Any CPU.Build.0 = Debug|Any CPU
		{5FF61970-7FF7-4D63-B508-F76375B9132D}.Release|Any CPU.ActiveCfg = Release|Any CPU
		{5FF61970-7FF7-4D63-B508-F76375B9132D}.Release|Any CPU.Build.0 = Release|Any CPU
		{FEB95FE6-FDA6-478E-A703-A47FAAABFE51}.Debug|Any CPU.ActiveCfg = Debug|Any CPU
		{FEB95FE6-FDA6-478E-A703-A47FAAABFE51}.Debug|Any CPU.Build.0 = Debug|Any CPU
		{FEB95FE6-FDA6-478E-A703-A47FAAABFE51}.Release|Any CPU.ActiveCfg = Release|Any CPU
		{FEB95FE6-FDA6-478E-A703-A47FAAABFE51}.Release|Any CPU.Build.0 = Release|Any CPU
		{031D5D65-40A1-4669-96FE-533854CB5848}.Debug|Any CPU.ActiveCfg = Debug|Any CPU
		{031D5D65-40A1-4669-96FE-533854CB5848}.Debug|Any CPU.Build.0 = Debug|Any CPU
		{031D5D65-40A1-4669-96FE-533854CB5848}.Release|Any CPU.ActiveCfg = Release|Any CPU
		{031D5D65-40A1-4669-96FE-533854CB5848}.Release|Any CPU.Build.0 = Release|Any CPU
	EndGlobalSection
	GlobalSection(SolutionProperties) = preSolution
		HideSolutionNode = FALSE
	EndGlobalSection
	GlobalSection(NestedProjects) = preSolution
		{A2490AB9-7456-4D5A-9BB8-DBA4F8CF8907} = {B43BEDB9-2B41-457E-A107-6C64EF352817}
		{5FF61970-7FF7-4D63-B508-F76375B9132D} = {B43BEDB9-2B41-457E-A107-6C64EF352817}
		{FEB95FE6-FDA6-478E-A703-A47FAAABFE51} = {B43BEDB9-2B41-457E-A107-6C64EF352817}
		{031D5D65-40A1-4669-96FE-533854CB5848} = {B43BEDB9-2B41-457E-A107-6C64EF352817}
	EndGlobalSection
	GlobalSection(ExtensibilityGlobals) = postSolution
		SolutionGuid = {E6759E46-4C66-40E8-A091-D03537EF966C}
	EndGlobalSection
EndGlobal
